
Microsoft Visual Studio Solution File, Format Version 12.00
# Visual Studio 2013
VisualStudioVersion = 12.0.30324.0
MinimumVisualStudioVersion = 10.0.40219.1
Project("{FAE04EC0-301F-11D3-BF4B-00C04F79EFBC}") = "StompSharp", "StompSharp\StompSharp.csproj", "{E4034B28-B6ED-4E0B-A2A8-F7831EAE59C7}"
EndProject
Project("{FAE04EC0-301F-11D3-BF4B-00C04F79EFBC}") = "StompSharp.Tests", "StompSharp.Tests\StompSharp.Tests.csproj", "{02242B62-715D-4BE6-BF42-C47C11C124AD}"
EndProject
Project("{2150E333-8FDC-42A3-9474-1A3956D46DE8}") = "Solution Items", "Solution Items", "{7B1F589C-CB16-44F8-BA57-A877F56E150B}"
	ProjectSection(SolutionItems) = preProject
		.travis.yml = .travis.yml
	EndProjectSection
EndProject
Global
	GlobalSection(SolutionConfigurationPlatforms) = preSolution
		Debug|Any CPU = Debug|Any CPU
		Release|Any CPU = Release|Any CPU
	EndGlobalSection
	GlobalSection(ProjectConfigurationPlatforms) = postSolution
		{E4034B28-B6ED-4E0B-A2A8-F7831EAE59C7}.Debug|Any CPU.ActiveCfg = Debug|Any CPU
		{E4034B28-B6ED-4E0B-A2A8-F7831EAE59C7}.Debug|Any CPU.Build.0 = Debug|Any CPU
		{E4034B28-B6ED-4E0B-A2A8-F7831EAE59C7}.Release|Any CPU.ActiveCfg = Release|Any CPU
		{E4034B28-B6ED-4E0B-A2A8-F7831EAE59C7}.Release|Any CPU.Build.0 = Release|Any CPU
		{02242B62-715D-4BE6-BF42-C47C11C124AD}.Debug|Any CPU.ActiveCfg = Debug|Any CPU
		{02242B62-715D-4BE6-BF42-C47C11C124AD}.Debug|Any CPU.Build.0 = Debug|Any CPU
		{02242B62-715D-4BE6-BF42-C47C11C124AD}.Release|Any CPU.ActiveCfg = Release|Any CPU
		{02242B62-715D-4BE6-BF42-C47C11C124AD}.Release|Any CPU.Build.0 = Release|Any CPU
	EndGlobalSection
	GlobalSection(SolutionProperties) = preSolution
		HideSolutionNode = FALSE
	EndGlobalSection
EndGlobal
